
Microsoft Visual Studio Solution File, Format Version 12.00
# Visual Studio Version 17
VisualStudioVersion = 17.3.32519.111
MinimumVisualStudioVersion = 10.0.40219.1
Project("{E24C65DC-7377-472B-9ABA-BC803B73C61A}") = "vueminimalblazor", "src\vueminimalblazor\", "{191652AF-4593-4E6E-ACA4-EEB59F27221E}"
	ProjectSection(WebsiteProperties) = preProject
		TargetFrameworkMoniker = ".NETFramework,Version%3Dv4.8"
		Debug.AspNetCompiler.VirtualPath = "/localhost_64410"
		Debug.AspNetCompiler.PhysicalPath = "src\vueminimalblazor\"
		Debug.AspNetCompiler.TargetPath = "PrecompiledWeb\localhost_64410\"
		Debug.AspNetCompiler.Updateable = "true"
		Debug.AspNetCompiler.ForceOverwrite = "true"
		Debug.AspNetCompiler.FixedNames = "false"
		Debug.AspNetCompiler.Debug = "True"
		Release.AspNetCompiler.VirtualPath = "/localhost_64410"
		Release.AspNetCompiler.PhysicalPath = "src\vueminimalblazor\"
		Release.AspNetCompiler.TargetPath = "PrecompiledWeb\localhost_64410\"
		Release.AspNetCompiler.Updateable = "true"
		Release.AspNetCompiler.ForceOverwrite = "true"
		Release.AspNetCompiler.FixedNames = "false"
		Release.AspNetCompiler.Debug = "False"
		VWDPort = "64410"
		SlnRelativePath = "src\vueminimalblazor\"
	EndProjectSection
EndProject
Project("{E24C65DC-7377-472B-9ABA-BC803B73C61A}") = "firstlibrary", "src\firstlibrary\", "{0389034D-E0FD-4EA7-82C8-3FC1D8AD86B4}"
	ProjectSection(WebsiteProperties) = preProject
		TargetFrameworkMoniker = ".NETFramework,Version%3Dv4.8"
		Debug.AspNetCompiler.VirtualPath = "/localhost_53511"
		Debug.AspNetCompiler.PhysicalPath = "src\firstlibrary\"
		Debug.AspNetCompiler.TargetPath = "PrecompiledWeb\localhost_53511\"
		Debug.AspNetCompiler.Updateable = "true"
		Debug.AspNetCompiler.ForceOverwrite = "true"
		Debug.AspNetCompiler.FixedNames = "false"
		Debug.AspNetCompiler.Debug = "True"
		Release.AspNetCompiler.VirtualPath = "/localhost_53511"
		Release.AspNetCompiler.PhysicalPath = "src\firstlibrary\"
		Release.AspNetCompiler.TargetPath = "PrecompiledWeb\localhost_53511\"
		Release.AspNetCompiler.Updateable = "true"
		Release.AspNetCompiler.ForceOverwrite = "true"
		Release.AspNetCompiler.FixedNames = "false"
		Release.AspNetCompiler.Debug = "False"
		VWDPort = "53511"
		SlnRelativePath = "src\firstlibrary\"
	EndProjectSection
EndProject
Project("{E24C65DC-7377-472B-9ABA-BC803B73C61A}") = "datacontextwrapperlib", "src\datacontextwrapperlib\", "{27982803-3078-4B64-AA65-CC9C5EC4DC05}"
	ProjectSection(WebsiteProperties) = preProject
		TargetFrameworkMoniker = ".NETFramework,Version%3Dv4.0"
		Debug.AspNetCompiler.VirtualPath = "/localhost_58744"
		Debug.AspNetCompiler.PhysicalPath = "src\datacontextwrapperlib\"
		Debug.AspNetCompiler.TargetPath = "PrecompiledWeb\localhost_58744\"
		Debug.AspNetCompiler.Updateable = "true"
		Debug.AspNetCompiler.ForceOverwrite = "true"
		Debug.AspNetCompiler.FixedNames = "false"
		Debug.AspNetCompiler.Debug = "True"
		Release.AspNetCompiler.VirtualPath = "/localhost_58744"
		Release.AspNetCompiler.PhysicalPath = "src\datacontextwrapperlib\"
		Release.AspNetCompiler.TargetPath = "PrecompiledWeb\localhost_58744\"
		Release.AspNetCompiler.Updateable = "true"
		Release.AspNetCompiler.ForceOverwrite = "true"
		Release.AspNetCompiler.FixedNames = "false"
		Release.AspNetCompiler.Debug = "False"
		VWDPort = "58744"
		SlnRelativePath = "src\datacontextwrapperlib\"
	EndProjectSection
EndProject
Project("{E24C65DC-7377-472B-9ABA-BC803B73C61A}") = "vue-in-react-library", "..\..\Public\vue.js\vue-in-react-library\", "{0025FB7A-3071-4885-B8EF-30AAEA3CC020}"
	ProjectSection(WebsiteProperties) = preProject
		TargetFrameworkMoniker = ".NETFramework,Version%3Dv4.0"
		Debug.AspNetCompiler.VirtualPath = "/localhost_62742"
		Debug.AspNetCompiler.PhysicalPath = "..\..\Public\vue.js\vue-in-react-library\"
		Debug.AspNetCompiler.TargetPath = "PrecompiledWeb\localhost_62742\"
		Debug.AspNetCompiler.Updateable = "true"
		Debug.AspNetCompiler.ForceOverwrite = "true"
		Debug.AspNetCompiler.FixedNames = "false"
		Debug.AspNetCompiler.Debug = "True"
		Release.AspNetCompiler.VirtualPath = "/localhost_62742"
		Release.AspNetCompiler.PhysicalPath = "..\..\Public\vue.js\vue-in-react-library\"
		Release.AspNetCompiler.TargetPath = "PrecompiledWeb\localhost_62742\"
		Release.AspNetCompiler.Updateable = "true"
		Release.AspNetCompiler.ForceOverwrite = "true"
		Release.AspNetCompiler.FixedNames = "false"
		Release.AspNetCompiler.Debug = "False"
		VWDPort = "62742"
		SlnRelativePath = "..\..\Public\vue.js\vue-in-react-library\"
	EndProjectSection
EndProject
Project("{E24C65DC-7377-472B-9ABA-BC803B73C61A}") = "data-context-component", "src\data-context-component\", "{3ED9176E-A5D2-4A5A-B3C9-1449412BA79E}"
	ProjectSection(WebsiteProperties) = preProject
		TargetFrameworkMoniker = ".NETFramework,Version%3Dv4.0"
		Debug.AspNetCompiler.VirtualPath = "/localhost_53358"
		Debug.AspNetCompiler.PhysicalPath = "src\data-context-component\"
		Debug.AspNetCompiler.TargetPath = "PrecompiledWeb\localhost_53358\"
		Debug.AspNetCompiler.Updateable = "true"
		Debug.AspNetCompiler.ForceOverwrite = "true"
		Debug.AspNetCompiler.FixedNames = "false"
		Debug.AspNetCompiler.Debug = "True"
		Release.AspNetCompiler.VirtualPath = "/localhost_53358"
		Release.AspNetCompiler.PhysicalPath = "src\data-context-component\"
		Release.AspNetCompiler.TargetPath = "PrecompiledWeb\localhost_53358\"
		Release.AspNetCompiler.Updateable = "true"
		Release.AspNetCompiler.ForceOverwrite = "true"
		Release.AspNetCompiler.FixedNames = "false"
		Release.AspNetCompiler.Debug = "False"
		VWDPort = "53358"
		SlnRelativePath = "src\data-context-component\"
	EndProjectSection
EndProject
Global
	GlobalSection(SolutionConfigurationPlatforms) = preSolution
		Debug|Any CPU = Debug|Any CPU
	EndGlobalSection
	GlobalSection(ProjectConfigurationPlatforms) = postSolution
		{191652AF-4593-4E6E-ACA4-EEB59F27221E}.Debug|Any CPU.ActiveCfg = Debug|Any CPU
		{191652AF-4593-4E6E-ACA4-EEB59F27221E}.Debug|Any CPU.Build.0 = Debug|Any CPU
		{0389034D-E0FD-4EA7-82C8-3FC1D8AD86B4}.Debug|Any CPU.ActiveCfg = Debug|Any CPU
		{0389034D-E0FD-4EA7-82C8-3FC1D8AD86B4}.Debug|Any CPU.Build.0 = Debug|Any CPU
		{27982803-3078-4B64-AA65-CC9C5EC4DC05}.Debug|Any CPU.ActiveCfg = Debug|Any CPU
		{27982803-3078-4B64-AA65-CC9C5EC4DC05}.Debug|Any CPU.Build.0 = Debug|Any CPU
		{0025FB7A-3071-4885-B8EF-30AAEA3CC020}.Debug|Any CPU.ActiveCfg = Debug|Any CPU
		{0025FB7A-3071-4885-B8EF-30AAEA3CC020}.Debug|Any CPU.Build.0 = Debug|Any CPU
		{3ED9176E-A5D2-4A5A-B3C9-1449412BA79E}.Debug|Any CPU.ActiveCfg = Debug|Any CPU
		{3ED9176E-A5D2-4A5A-B3C9-1449412BA79E}.Debug|Any CPU.Build.0 = Debug|Any CPU
	EndGlobalSection
	GlobalSection(SolutionProperties) = preSolution
		HideSolutionNode = FALSE
	EndGlobalSection
	GlobalSection(ExtensibilityGlobals) = postSolution
		SolutionGuid = {BCA490F9-2CCA-4990-8D24-7D7693D240E9}
	EndGlobalSection
EndGlobal
