
Microsoft Visual Studio Solution File, Format Version 12.00
# Visual Studio Version 17
VisualStudioVersion = 17.3.32505.426
MinimumVisualStudioVersion = 10.0.40219.1
Project("{2150E333-8FDC-42A3-9474-1A3956D46DE8}") = "Web", "Web", "{B93C1B0E-57AE-42AE-AA9C-E9621417D4EC}"
EndProject
Project("{2150E333-8FDC-42A3-9474-1A3956D46DE8}") = "Xamarin", "Xamarin", "{418B5A1C-0FA5-464D-AE0C-40172D5793F8}"
EndProject
Project("{2150E333-8FDC-42A3-9474-1A3956D46DE8}") = "Services", "Services", "{0AF45012-CF13-4B7F-82A4-0213F2D1511A}"
EndProject
Project("{9A19103F-16F7-4668-BE54-9A1E7A4F7556}") = "VueApi", "src\VueApi\VueApi.csproj", "{75DDE73C-78F6-4C49-A2F6-232B5E58488D}"
EndProject
Project("{9A19103F-16F7-4668-BE54-9A1E7A4F7556}") = "Dev", "src\Dev\Dev.csproj", "{B44868D0-C5FA-4875-A631-0E07D6EF0AD6}"
EndProject
Project("{FAE04EC0-301F-11D3-BF4B-00C04F79EFBC}") = "Vuejs_XF_App.UWP", "src\Vuejs_XF_App\Vuejs_XF_App.UWP\Vuejs_XF_App.UWP.csproj", "{9D670E12-A8FA-47D9-936D-171E366A482E}"
EndProject
Project("{FAE04EC0-301F-11D3-BF4B-00C04F79EFBC}") = "Vuejs_XF_App.Android", "src\Vuejs_XF_App\Vuejs_XF_App.Android\Vuejs_XF_App.Android.csproj", "{52DF4948-E6A9-4113-99DC-DFB8F8A27E7D}"
EndProject
Project("{FAE04EC0-301F-11D3-BF4B-00C04F79EFBC}") = "Vuejs_XF_App.iOS", "src\Vuejs_XF_App\Vuejs_XF_App.iOS\Vuejs_XF_App.iOS.csproj", "{7CC6B0A6-007B-48F1-8CDE-0EB5E54243BE}"
EndProject
Project("{9A19103F-16F7-4668-BE54-9A1E7A4F7556}") = "Vuejs_XF_App", "src\Vuejs_XF_App\Vuejs_XF_App\Vuejs_XF_App.csproj", "{A43DD07E-14F3-46DC-A89A-AD7DC6BC4474}"
EndProject
Project("{E24C65DC-7377-472B-9ABA-BC803B73C61A}") = "vuejs-default", "src\vuejs-default\", "{33AD29A4-0F7D-4477-B54C-5352A1218161}"
	ProjectSection(WebsiteProperties) = preProject
		TargetFrameworkMoniker = ".NETFramework,Version%3Dv4.8"
		Debug.AspNetCompiler.VirtualPath = "/localhost_59528"
		Debug.AspNetCompiler.PhysicalPath = "src\vuejs-default\"
		Debug.AspNetCompiler.TargetPath = "PrecompiledWeb\localhost_59528\"
		Debug.AspNetCompiler.Updateable = "true"
		Debug.AspNetCompiler.ForceOverwrite = "true"
		Debug.AspNetCompiler.FixedNames = "false"
		Debug.AspNetCompiler.Debug = "True"
		Release.AspNetCompiler.VirtualPath = "/localhost_59528"
		Release.AspNetCompiler.PhysicalPath = "src\vuejs-default\"
		Release.AspNetCompiler.TargetPath = "PrecompiledWeb\localhost_59528\"
		Release.AspNetCompiler.Updateable = "true"
		Release.AspNetCompiler.ForceOverwrite = "true"
		Release.AspNetCompiler.FixedNames = "false"
		Release.AspNetCompiler.Debug = "False"
		VWDPort = "59528"
		SlnRelativePath = "src\vuejs-default\"
	EndProjectSection
EndProject
Project("{E24C65DC-7377-472B-9ABA-BC803B73C61A}") = "vuejs-forms-app-ts", "src\vuejs-forms-app-ts\", "{5AD5E201-A8D4-44EB-B96D-EAB8CAAD8148}"
	ProjectSection(WebsiteProperties) = preProject
		TargetFrameworkMoniker = ".NETFramework,Version%3Dv4.8"
		Debug.AspNetCompiler.VirtualPath = "/localhost_63423"
		Debug.AspNetCompiler.PhysicalPath = "src\vuejs-forms-app-ts\"
		Debug.AspNetCompiler.TargetPath = "PrecompiledWeb\localhost_63423\"
		Debug.AspNetCompiler.Updateable = "true"
		Debug.AspNetCompiler.ForceOverwrite = "true"
		Debug.AspNetCompiler.FixedNames = "false"
		Debug.AspNetCompiler.Debug = "True"
		Release.AspNetCompiler.VirtualPath = "/localhost_63423"
		Release.AspNetCompiler.PhysicalPath = "src\vuejs-forms-app-ts\"
		Release.AspNetCompiler.TargetPath = "PrecompiledWeb\localhost_63423\"
		Release.AspNetCompiler.Updateable = "true"
		Release.AspNetCompiler.ForceOverwrite = "true"
		Release.AspNetCompiler.FixedNames = "false"
		Release.AspNetCompiler.Debug = "False"
		VWDPort = "63423"
		SlnRelativePath = "src\vuejs-forms-app-ts\"
	EndProjectSection
EndProject
Global
	GlobalSection(SolutionConfigurationPlatforms) = preSolution
		Debug|Any CPU = Debug|Any CPU
		Debug|ARM = Debug|ARM
		Debug|iPhone = Debug|iPhone
		Debug|iPhoneSimulator = Debug|iPhoneSimulator
		Debug|x64 = Debug|x64
		Debug|x86 = Debug|x86
		Release|Any CPU = Release|Any CPU
		Release|ARM = Release|ARM
		Release|iPhone = Release|iPhone
		Release|iPhoneSimulator = Release|iPhoneSimulator
		Release|x64 = Release|x64
		Release|x86 = Release|x86
	EndGlobalSection
	GlobalSection(ProjectConfigurationPlatforms) = postSolution
		{75DDE73C-78F6-4C49-A2F6-232B5E58488D}.Debug|Any CPU.ActiveCfg = Debug|Any CPU
		{75DDE73C-78F6-4C49-A2F6-232B5E58488D}.Debug|Any CPU.Build.0 = Debug|Any CPU
		{75DDE73C-78F6-4C49-A2F6-232B5E58488D}.Debug|ARM.ActiveCfg = Debug|Any CPU
		{75DDE73C-78F6-4C49-A2F6-232B5E58488D}.Debug|ARM.Build.0 = Debug|Any CPU
		{75DDE73C-78F6-4C49-A2F6-232B5E58488D}.Debug|iPhone.ActiveCfg = Debug|Any CPU
		{75DDE73C-78F6-4C49-A2F6-232B5E58488D}.Debug|iPhone.Build.0 = Debug|Any CPU
		{75DDE73C-78F6-4C49-A2F6-232B5E58488D}.Debug|iPhoneSimulator.ActiveCfg = Debug|Any CPU
		{75DDE73C-78F6-4C49-A2F6-232B5E58488D}.Debug|iPhoneSimulator.Build.0 = Debug|Any CPU
		{75DDE73C-78F6-4C49-A2F6-232B5E58488D}.Debug|x64.ActiveCfg = Debug|Any CPU
		{75DDE73C-78F6-4C49-A2F6-232B5E58488D}.Debug|x64.Build.0 = Debug|Any CPU
		{75DDE73C-78F6-4C49-A2F6-232B5E58488D}.Debug|x86.ActiveCfg = Debug|Any CPU
		{75DDE73C-78F6-4C49-A2F6-232B5E58488D}.Debug|x86.Build.0 = Debug|Any CPU
		{75DDE73C-78F6-4C49-A2F6-232B5E58488D}.Release|Any CPU.ActiveCfg = Release|Any CPU
		{75DDE73C-78F6-4C49-A2F6-232B5E58488D}.Release|Any CPU.Build.0 = Release|Any CPU
		{75DDE73C-78F6-4C49-A2F6-232B5E58488D}.Release|ARM.ActiveCfg = Release|Any CPU
		{75DDE73C-78F6-4C49-A2F6-232B5E58488D}.Release|ARM.Build.0 = Release|Any CPU
		{75DDE73C-78F6-4C49-A2F6-232B5E58488D}.Release|iPhone.ActiveCfg = Release|Any CPU
		{75DDE73C-78F6-4C49-A2F6-232B5E58488D}.Release|iPhone.Build.0 = Release|Any CPU
		{75DDE73C-78F6-4C49-A2F6-232B5E58488D}.Release|iPhoneSimulator.ActiveCfg = Release|Any CPU
		{75DDE73C-78F6-4C49-A2F6-232B5E58488D}.Release|iPhoneSimulator.Build.0 = Release|Any CPU
		{75DDE73C-78F6-4C49-A2F6-232B5E58488D}.Release|x64.ActiveCfg = Release|Any CPU
		{75DDE73C-78F6-4C49-A2F6-232B5E58488D}.Release|x64.Build.0 = Release|Any CPU
		{75DDE73C-78F6-4C49-A2F6-232B5E58488D}.Release|x86.ActiveCfg = Release|Any CPU
		{75DDE73C-78F6-4C49-A2F6-232B5E58488D}.Release|x86.Build.0 = Release|Any CPU
		{B44868D0-C5FA-4875-A631-0E07D6EF0AD6}.Debug|Any CPU.ActiveCfg = Debug|Any CPU
		{B44868D0-C5FA-4875-A631-0E07D6EF0AD6}.Debug|Any CPU.Build.0 = Debug|Any CPU
		{B44868D0-C5FA-4875-A631-0E07D6EF0AD6}.Debug|ARM.ActiveCfg = Debug|Any CPU
		{B44868D0-C5FA-4875-A631-0E07D6EF0AD6}.Debug|ARM.Build.0 = Debug|Any CPU
		{B44868D0-C5FA-4875-A631-0E07D6EF0AD6}.Debug|iPhone.ActiveCfg = Debug|Any CPU
		{B44868D0-C5FA-4875-A631-0E07D6EF0AD6}.Debug|iPhone.Build.0 = Debug|Any CPU
		{B44868D0-C5FA-4875-A631-0E07D6EF0AD6}.Debug|iPhoneSimulator.ActiveCfg = Debug|Any CPU
		{B44868D0-C5FA-4875-A631-0E07D6EF0AD6}.Debug|iPhoneSimulator.Build.0 = Debug|Any CPU
		{B44868D0-C5FA-4875-A631-0E07D6EF0AD6}.Debug|x64.ActiveCfg = Debug|Any CPU
		{B44868D0-C5FA-4875-A631-0E07D6EF0AD6}.Debug|x64.Build.0 = Debug|Any CPU
		{B44868D0-C5FA-4875-A631-0E07D6EF0AD6}.Debug|x86.ActiveCfg = Debug|Any CPU
		{B44868D0-C5FA-4875-A631-0E07D6EF0AD6}.Debug|x86.Build.0 = Debug|Any CPU
		{B44868D0-C5FA-4875-A631-0E07D6EF0AD6}.Release|Any CPU.ActiveCfg = Release|Any CPU
		{B44868D0-C5FA-4875-A631-0E07D6EF0AD6}.Release|Any CPU.Build.0 = Release|Any CPU
		{B44868D0-C5FA-4875-A631-0E07D6EF0AD6}.Release|ARM.ActiveCfg = Release|Any CPU
		{B44868D0-C5FA-4875-A631-0E07D6EF0AD6}.Release|ARM.Build.0 = Release|Any CPU
		{B44868D0-C5FA-4875-A631-0E07D6EF0AD6}.Release|iPhone.ActiveCfg = Release|Any CPU
		{B44868D0-C5FA-4875-A631-0E07D6EF0AD6}.Release|iPhone.Build.0 = Release|Any CPU
		{B44868D0-C5FA-4875-A631-0E07D6EF0AD6}.Release|iPhoneSimulator.ActiveCfg = Release|Any CPU
		{B44868D0-C5FA-4875-A631-0E07D6EF0AD6}.Release|iPhoneSimulator.Build.0 = Release|Any CPU
		{B44868D0-C5FA-4875-A631-0E07D6EF0AD6}.Release|x64.ActiveCfg = Release|Any CPU
		{B44868D0-C5FA-4875-A631-0E07D6EF0AD6}.Release|x64.Build.0 = Release|Any CPU
		{B44868D0-C5FA-4875-A631-0E07D6EF0AD6}.Release|x86.ActiveCfg = Release|Any CPU
		{B44868D0-C5FA-4875-A631-0E07D6EF0AD6}.Release|x86.Build.0 = Release|Any CPU
		{9D670E12-A8FA-47D9-936D-171E366A482E}.Debug|Any CPU.ActiveCfg = Debug|x86
		{9D670E12-A8FA-47D9-936D-171E366A482E}.Debug|ARM.ActiveCfg = Debug|ARM
		{9D670E12-A8FA-47D9-936D-171E366A482E}.Debug|ARM.Build.0 = Debug|ARM
		{9D670E12-A8FA-47D9-936D-171E366A482E}.Debug|ARM.Deploy.0 = Debug|ARM
		{9D670E12-A8FA-47D9-936D-171E366A482E}.Debug|iPhone.ActiveCfg = Debug|x86
		{9D670E12-A8FA-47D9-936D-171E366A482E}.Debug|iPhoneSimulator.ActiveCfg = Debug|x86
		{9D670E12-A8FA-47D9-936D-171E366A482E}.Debug|x64.ActiveCfg = Debug|x64
		{9D670E12-A8FA-47D9-936D-171E366A482E}.Debug|x64.Build.0 = Debug|x64
		{9D670E12-A8FA-47D9-936D-171E366A482E}.Debug|x64.Deploy.0 = Debug|x64
		{9D670E12-A8FA-47D9-936D-171E366A482E}.Debug|x86.ActiveCfg = Debug|x86
		{9D670E12-A8FA-47D9-936D-171E366A482E}.Debug|x86.Build.0 = Debug|x86
		{9D670E12-A8FA-47D9-936D-171E366A482E}.Debug|x86.Deploy.0 = Debug|x86
		{9D670E12-A8FA-47D9-936D-171E366A482E}.Release|Any CPU.ActiveCfg = Release|x86
		{9D670E12-A8FA-47D9-936D-171E366A482E}.Release|ARM.ActiveCfg = Release|ARM
		{9D670E12-A8FA-47D9-936D-171E366A482E}.Release|ARM.Build.0 = Release|ARM
		{9D670E12-A8FA-47D9-936D-171E366A482E}.Release|ARM.Deploy.0 = Release|ARM
		{9D670E12-A8FA-47D9-936D-171E366A482E}.Release|iPhone.ActiveCfg = Release|x86
		{9D670E12-A8FA-47D9-936D-171E366A482E}.Release|iPhoneSimulator.ActiveCfg = Release|x86
		{9D670E12-A8FA-47D9-936D-171E366A482E}.Release|x64.ActiveCfg = Release|x64
		{9D670E12-A8FA-47D9-936D-171E366A482E}.Release|x64.Build.0 = Release|x64
		{9D670E12-A8FA-47D9-936D-171E366A482E}.Release|x64.Deploy.0 = Release|x64
		{9D670E12-A8FA-47D9-936D-171E366A482E}.Release|x86.ActiveCfg = Release|x86
		{9D670E12-A8FA-47D9-936D-171E366A482E}.Release|x86.Build.0 = Release|x86
		{9D670E12-A8FA-47D9-936D-171E366A482E}.Release|x86.Deploy.0 = Release|x86
		{52DF4948-E6A9-4113-99DC-DFB8F8A27E7D}.Debug|Any CPU.ActiveCfg = Debug|Any CPU
		{52DF4948-E6A9-4113-99DC-DFB8F8A27E7D}.Debug|Any CPU.Build.0 = Debug|Any CPU
		{52DF4948-E6A9-4113-99DC-DFB8F8A27E7D}.Debug|Any CPU.Deploy.0 = Debug|Any CPU
		{52DF4948-E6A9-4113-99DC-DFB8F8A27E7D}.Debug|ARM.ActiveCfg = Debug|Any CPU
		{52DF4948-E6A9-4113-99DC-DFB8F8A27E7D}.Debug|ARM.Build.0 = Debug|Any CPU
		{52DF4948-E6A9-4113-99DC-DFB8F8A27E7D}.Debug|ARM.Deploy.0 = Debug|Any CPU
		{52DF4948-E6A9-4113-99DC-DFB8F8A27E7D}.Debug|iPhone.ActiveCfg = Debug|Any CPU
		{52DF4948-E6A9-4113-99DC-DFB8F8A27E7D}.Debug|iPhone.Build.0 = Debug|Any CPU
		{52DF4948-E6A9-4113-99DC-DFB8F8A27E7D}.Debug|iPhone.Deploy.0 = Debug|Any CPU
		{52DF4948-E6A9-4113-99DC-DFB8F8A27E7D}.Debug|iPhoneSimulator.ActiveCfg = Debug|Any CPU
		{52DF4948-E6A9-4113-99DC-DFB8F8A27E7D}.Debug|iPhoneSimulator.Build.0 = Debug|Any CPU
		{52DF4948-E6A9-4113-99DC-DFB8F8A27E7D}.Debug|iPhoneSimulator.Deploy.0 = Debug|Any CPU
		{52DF4948-E6A9-4113-99DC-DFB8F8A27E7D}.Debug|x64.ActiveCfg = Debug|Any CPU
		{52DF4948-E6A9-4113-99DC-DFB8F8A27E7D}.Debug|x64.Build.0 = Debug|Any CPU
		{52DF4948-E6A9-4113-99DC-DFB8F8A27E7D}.Debug|x64.Deploy.0 = Debug|Any CPU
		{52DF4948-E6A9-4113-99DC-DFB8F8A27E7D}.Debug|x86.ActiveCfg = Debug|Any CPU
		{52DF4948-E6A9-4113-99DC-DFB8F8A27E7D}.Debug|x86.Build.0 = Debug|Any CPU
		{52DF4948-E6A9-4113-99DC-DFB8F8A27E7D}.Debug|x86.Deploy.0 = Debug|Any CPU
		{52DF4948-E6A9-4113-99DC-DFB8F8A27E7D}.Release|Any CPU.ActiveCfg = Release|Any CPU
		{52DF4948-E6A9-4113-99DC-DFB8F8A27E7D}.Release|Any CPU.Build.0 = Release|Any CPU
		{52DF4948-E6A9-4113-99DC-DFB8F8A27E7D}.Release|Any CPU.Deploy.0 = Release|Any CPU
		{52DF4948-E6A9-4113-99DC-DFB8F8A27E7D}.Release|ARM.ActiveCfg = Release|Any CPU
		{52DF4948-E6A9-4113-99DC-DFB8F8A27E7D}.Release|ARM.Build.0 = Release|Any CPU
		{52DF4948-E6A9-4113-99DC-DFB8F8A27E7D}.Release|ARM.Deploy.0 = Release|Any CPU
		{52DF4948-E6A9-4113-99DC-DFB8F8A27E7D}.Release|iPhone.ActiveCfg = Release|Any CPU
		{52DF4948-E6A9-4113-99DC-DFB8F8A27E7D}.Release|iPhone.Build.0 = Release|Any CPU
		{52DF4948-E6A9-4113-99DC-DFB8F8A27E7D}.Release|iPhone.Deploy.0 = Release|Any CPU
		{52DF4948-E6A9-4113-99DC-DFB8F8A27E7D}.Release|iPhoneSimulator.ActiveCfg = Release|Any CPU
		{52DF4948-E6A9-4113-99DC-DFB8F8A27E7D}.Release|iPhoneSimulator.Build.0 = Release|Any CPU
		{52DF4948-E6A9-4113-99DC-DFB8F8A27E7D}.Release|iPhoneSimulator.Deploy.0 = Release|Any CPU
		{52DF4948-E6A9-4113-99DC-DFB8F8A27E7D}.Release|x64.ActiveCfg = Release|Any CPU
		{52DF4948-E6A9-4113-99DC-DFB8F8A27E7D}.Release|x64.Build.0 = Release|Any CPU
		{52DF4948-E6A9-4113-99DC-DFB8F8A27E7D}.Release|x64.Deploy.0 = Release|Any CPU
		{52DF4948-E6A9-4113-99DC-DFB8F8A27E7D}.Release|x86.ActiveCfg = Release|Any CPU
		{52DF4948-E6A9-4113-99DC-DFB8F8A27E7D}.Release|x86.Build.0 = Release|Any CPU
		{52DF4948-E6A9-4113-99DC-DFB8F8A27E7D}.Release|x86.Deploy.0 = Release|Any CPU
		{7CC6B0A6-007B-48F1-8CDE-0EB5E54243BE}.Debug|Any CPU.ActiveCfg = Debug|iPhoneSimulator
		{7CC6B0A6-007B-48F1-8CDE-0EB5E54243BE}.Debug|ARM.ActiveCfg = Debug|iPhoneSimulator
		{7CC6B0A6-007B-48F1-8CDE-0EB5E54243BE}.Debug|iPhone.ActiveCfg = Debug|iPhone
		{7CC6B0A6-007B-48F1-8CDE-0EB5E54243BE}.Debug|iPhone.Build.0 = Debug|iPhone
		{7CC6B0A6-007B-48F1-8CDE-0EB5E54243BE}.Debug|iPhoneSimulator.ActiveCfg = Debug|iPhoneSimulator
		{7CC6B0A6-007B-48F1-8CDE-0EB5E54243BE}.Debug|iPhoneSimulator.Build.0 = Debug|iPhoneSimulator
		{7CC6B0A6-007B-48F1-8CDE-0EB5E54243BE}.Debug|x64.ActiveCfg = Debug|iPhoneSimulator
		{7CC6B0A6-007B-48F1-8CDE-0EB5E54243BE}.Debug|x86.ActiveCfg = Debug|iPhoneSimulator
		{7CC6B0A6-007B-48F1-8CDE-0EB5E54243BE}.Release|Any CPU.ActiveCfg = Release|iPhoneSimulator
		{7CC6B0A6-007B-48F1-8CDE-0EB5E54243BE}.Release|ARM.ActiveCfg = Release|iPhoneSimulator
		{7CC6B0A6-007B-48F1-8CDE-0EB5E54243BE}.Release|iPhone.ActiveCfg = Release|iPhone
		{7CC6B0A6-007B-48F1-8CDE-0EB5E54243BE}.Release|iPhone.Build.0 = Release|iPhone
		{7CC6B0A6-007B-48F1-8CDE-0EB5E54243BE}.Release|iPhoneSimulator.ActiveCfg = Release|iPhoneSimulator
		{7CC6B0A6-007B-48F1-8CDE-0EB5E54243BE}.Release|iPhoneSimulator.Build.0 = Release|iPhoneSimulator
		{7CC6B0A6-007B-48F1-8CDE-0EB5E54243BE}.Release|x64.ActiveCfg = Release|iPhoneSimulator
		{7CC6B0A6-007B-48F1-8CDE-0EB5E54243BE}.Release|x86.ActiveCfg = Release|iPhoneSimulator
		{A43DD07E-14F3-46DC-A89A-AD7DC6BC4474}.Debug|Any CPU.ActiveCfg = Debug|Any CPU
		{A43DD07E-14F3-46DC-A89A-AD7DC6BC4474}.Debug|Any CPU.Build.0 = Debug|Any CPU
		{A43DD07E-14F3-46DC-A89A-AD7DC6BC4474}.Debug|ARM.ActiveCfg = Debug|Any CPU
		{A43DD07E-14F3-46DC-A89A-AD7DC6BC4474}.Debug|ARM.Build.0 = Debug|Any CPU
		{A43DD07E-14F3-46DC-A89A-AD7DC6BC4474}.Debug|iPhone.ActiveCfg = Debug|Any CPU
		{A43DD07E-14F3-46DC-A89A-AD7DC6BC4474}.Debug|iPhone.Build.0 = Debug|Any CPU
		{A43DD07E-14F3-46DC-A89A-AD7DC6BC4474}.Debug|iPhoneSimulator.ActiveCfg = Debug|Any CPU
		{A43DD07E-14F3-46DC-A89A-AD7DC6BC4474}.Debug|iPhoneSimulator.Build.0 = Debug|Any CPU
		{A43DD07E-14F3-46DC-A89A-AD7DC6BC4474}.Debug|x64.ActiveCfg = Debug|Any CPU
		{A43DD07E-14F3-46DC-A89A-AD7DC6BC4474}.Debug|x64.Build.0 = Debug|Any CPU
		{A43DD07E-14F3-46DC-A89A-AD7DC6BC4474}.Debug|x86.ActiveCfg = Debug|Any CPU
		{A43DD07E-14F3-46DC-A89A-AD7DC6BC4474}.Debug|x86.Build.0 = Debug|Any CPU
		{A43DD07E-14F3-46DC-A89A-AD7DC6BC4474}.Release|Any CPU.ActiveCfg = Release|Any CPU
		{A43DD07E-14F3-46DC-A89A-AD7DC6BC4474}.Release|Any CPU.Build.0 = Release|Any CPU
		{A43DD07E-14F3-46DC-A89A-AD7DC6BC4474}.Release|ARM.ActiveCfg = Release|Any CPU
		{A43DD07E-14F3-46DC-A89A-AD7DC6BC4474}.Release|ARM.Build.0 = Release|Any CPU
		{A43DD07E-14F3-46DC-A89A-AD7DC6BC4474}.Release|iPhone.ActiveCfg = Release|Any CPU
		{A43DD07E-14F3-46DC-A89A-AD7DC6BC4474}.Release|iPhone.Build.0 = Release|Any CPU
		{A43DD07E-14F3-46DC-A89A-AD7DC6BC4474}.Release|iPhoneSimulator.ActiveCfg = Release|Any CPU
		{A43DD07E-14F3-46DC-A89A-AD7DC6BC4474}.Release|iPhoneSimulator.Build.0 = Release|Any CPU
		{A43DD07E-14F3-46DC-A89A-AD7DC6BC4474}.Release|x64.ActiveCfg = Release|Any CPU
		{A43DD07E-14F3-46DC-A89A-AD7DC6BC4474}.Release|x64.Build.0 = Release|Any CPU
		{A43DD07E-14F3-46DC-A89A-AD7DC6BC4474}.Release|x86.ActiveCfg = Release|Any CPU
		{A43DD07E-14F3-46DC-A89A-AD7DC6BC4474}.Release|x86.Build.0 = Release|Any CPU
		{33AD29A4-0F7D-4477-B54C-5352A1218161}.Debug|Any CPU.ActiveCfg = Debug|Any CPU
		{33AD29A4-0F7D-4477-B54C-5352A1218161}.Debug|Any CPU.Build.0 = Debug|Any CPU
		{33AD29A4-0F7D-4477-B54C-5352A1218161}.Debug|ARM.ActiveCfg = Debug|Any CPU
		{33AD29A4-0F7D-4477-B54C-5352A1218161}.Debug|ARM.Build.0 = Debug|Any CPU
		{33AD29A4-0F7D-4477-B54C-5352A1218161}.Debug|iPhone.ActiveCfg = Debug|Any CPU
		{33AD29A4-0F7D-4477-B54C-5352A1218161}.Debug|iPhone.Build.0 = Debug|Any CPU
		{33AD29A4-0F7D-4477-B54C-5352A1218161}.Debug|iPhoneSimulator.ActiveCfg = Debug|Any CPU
		{33AD29A4-0F7D-4477-B54C-5352A1218161}.Debug|iPhoneSimulator.Build.0 = Debug|Any CPU
		{33AD29A4-0F7D-4477-B54C-5352A1218161}.Debug|x64.ActiveCfg = Debug|Any CPU
		{33AD29A4-0F7D-4477-B54C-5352A1218161}.Debug|x64.Build.0 = Debug|Any CPU
		{33AD29A4-0F7D-4477-B54C-5352A1218161}.Debug|x86.ActiveCfg = Debug|Any CPU
		{33AD29A4-0F7D-4477-B54C-5352A1218161}.Debug|x86.Build.0 = Debug|Any CPU
		{33AD29A4-0F7D-4477-B54C-5352A1218161}.Release|Any CPU.ActiveCfg = Debug|Any CPU
		{33AD29A4-0F7D-4477-B54C-5352A1218161}.Release|Any CPU.Build.0 = Debug|Any CPU
		{33AD29A4-0F7D-4477-B54C-5352A1218161}.Release|ARM.ActiveCfg = Debug|Any CPU
		{33AD29A4-0F7D-4477-B54C-5352A1218161}.Release|ARM.Build.0 = Debug|Any CPU
		{33AD29A4-0F7D-4477-B54C-5352A1218161}.Release|iPhone.ActiveCfg = Debug|Any CPU
		{33AD29A4-0F7D-4477-B54C-5352A1218161}.Release|iPhone.Build.0 = Debug|Any CPU
		{33AD29A4-0F7D-4477-B54C-5352A1218161}.Release|iPhoneSimulator.ActiveCfg = Debug|Any CPU
		{33AD29A4-0F7D-4477-B54C-5352A1218161}.Release|iPhoneSimulator.Build.0 = Debug|Any CPU
		{33AD29A4-0F7D-4477-B54C-5352A1218161}.Release|x64.ActiveCfg = Debug|Any CPU
		{33AD29A4-0F7D-4477-B54C-5352A1218161}.Release|x64.Build.0 = Debug|Any CPU
		{33AD29A4-0F7D-4477-B54C-5352A1218161}.Release|x86.ActiveCfg = Debug|Any CPU
		{33AD29A4-0F7D-4477-B54C-5352A1218161}.Release|x86.Build.0 = Debug|Any CPU
		{5AD5E201-A8D4-44EB-B96D-EAB8CAAD8148}.Debug|Any CPU.ActiveCfg = Debug|Any CPU
		{5AD5E201-A8D4-44EB-B96D-EAB8CAAD8148}.Debug|Any CPU.Build.0 = Debug|Any CPU
		{5AD5E201-A8D4-44EB-B96D-EAB8CAAD8148}.Debug|ARM.ActiveCfg = Debug|Any CPU
		{5AD5E201-A8D4-44EB-B96D-EAB8CAAD8148}.Debug|ARM.Build.0 = Debug|Any CPU
		{5AD5E201-A8D4-44EB-B96D-EAB8CAAD8148}.Debug|iPhone.ActiveCfg = Debug|Any CPU
		{5AD5E201-A8D4-44EB-B96D-EAB8CAAD8148}.Debug|iPhone.Build.0 = Debug|Any CPU
		{5AD5E201-A8D4-44EB-B96D-EAB8CAAD8148}.Debug|iPhoneSimulator.ActiveCfg = Debug|Any CPU
		{5AD5E201-A8D4-44EB-B96D-EAB8CAAD8148}.Debug|iPhoneSimulator.Build.0 = Debug|Any CPU
		{5AD5E201-A8D4-44EB-B96D-EAB8CAAD8148}.Debug|x64.ActiveCfg = Debug|Any CPU
		{5AD5E201-A8D4-44EB-B96D-EAB8CAAD8148}.Debug|x64.Build.0 = Debug|Any CPU
		{5AD5E201-A8D4-44EB-B96D-EAB8CAAD8148}.Debug|x86.ActiveCfg = Debug|Any CPU
		{5AD5E201-A8D4-44EB-B96D-EAB8CAAD8148}.Debug|x86.Build.0 = Debug|Any CPU
		{5AD5E201-A8D4-44EB-B96D-EAB8CAAD8148}.Release|Any CPU.ActiveCfg = Debug|Any CPU
		{5AD5E201-A8D4-44EB-B96D-EAB8CAAD8148}.Release|Any CPU.Build.0 = Debug|Any CPU
		{5AD5E201-A8D4-44EB-B96D-EAB8CAAD8148}.Release|ARM.ActiveCfg = Debug|Any CPU
		{5AD5E201-A8D4-44EB-B96D-EAB8CAAD8148}.Release|ARM.Build.0 = Debug|Any CPU
		{5AD5E201-A8D4-44EB-B96D-EAB8CAAD8148}.Release|iPhone.ActiveCfg = Debug|Any CPU
		{5AD5E201-A8D4-44EB-B96D-EAB8CAAD8148}.Release|iPhone.Build.0 = Debug|Any CPU
		{5AD5E201-A8D4-44EB-B96D-EAB8CAAD8148}.Release|iPhoneSimulator.ActiveCfg = Debug|Any CPU
		{5AD5E201-A8D4-44EB-B96D-EAB8CAAD8148}.Release|iPhoneSimulator.Build.0 = Debug|Any CPU
		{5AD5E201-A8D4-44EB-B96D-EAB8CAAD8148}.Release|x64.ActiveCfg = Debug|Any CPU
		{5AD5E201-A8D4-44EB-B96D-EAB8CAAD8148}.Release|x64.Build.0 = Debug|Any CPU
		{5AD5E201-A8D4-44EB-B96D-EAB8CAAD8148}.Release|x86.ActiveCfg = Debug|Any CPU
		{5AD5E201-A8D4-44EB-B96D-EAB8CAAD8148}.Release|x86.Build.0 = Debug|Any CPU
	EndGlobalSection
	GlobalSection(SolutionProperties) = preSolution
		HideSolutionNode = FALSE
	EndGlobalSection
	GlobalSection(NestedProjects) = preSolution
		{75DDE73C-78F6-4C49-A2F6-232B5E58488D} = {0AF45012-CF13-4B7F-82A4-0213F2D1511A}
		{9D670E12-A8FA-47D9-936D-171E366A482E} = {418B5A1C-0FA5-464D-AE0C-40172D5793F8}
		{52DF4948-E6A9-4113-99DC-DFB8F8A27E7D} = {418B5A1C-0FA5-464D-AE0C-40172D5793F8}
		{7CC6B0A6-007B-48F1-8CDE-0EB5E54243BE} = {418B5A1C-0FA5-464D-AE0C-40172D5793F8}
		{A43DD07E-14F3-46DC-A89A-AD7DC6BC4474} = {418B5A1C-0FA5-464D-AE0C-40172D5793F8}
		{33AD29A4-0F7D-4477-B54C-5352A1218161} = {B93C1B0E-57AE-42AE-AA9C-E9621417D4EC}
		{5AD5E201-A8D4-44EB-B96D-EAB8CAAD8148} = {B93C1B0E-57AE-42AE-AA9C-E9621417D4EC}
	EndGlobalSection
	GlobalSection(ExtensibilityGlobals) = postSolution
		SolutionGuid = {B39F8BEE-05AF-4106-A322-7AFB48DDFB60}
	EndGlobalSection
EndGlobal
