
Microsoft Visual Studio Solution File, Format Version 12.00
# Visual Studio Version 16
VisualStudioVersion = 16.0.31005.135
MinimumVisualStudioVersion = 10.0.40219.1
Project("{2150E333-8FDC-42A3-9474-1A3956D46DE8}") = "Web", "Web", "{B93C1B0E-57AE-42AE-AA9C-E9621417D4EC}"
EndProject
Project("{2150E333-8FDC-42A3-9474-1A3956D46DE8}") = "Xamarin", "Xamarin", "{418B5A1C-0FA5-464D-AE0C-40172D5793F8}"
EndProject
Project("{2150E333-8FDC-42A3-9474-1A3956D46DE8}") = "Services", "Services", "{0AF45012-CF13-4B7F-82A4-0213F2D1511A}"
EndProject
Project("{9A19103F-16F7-4668-BE54-9A1E7A4F7556}") = "VueApi", "src\VueApi\VueApi.csproj", "{75DDE73C-78F6-4C49-A2F6-232B5E58488D}"
EndProject
Project("{FAE04EC0-301F-11D3-BF4B-00C04F79EFBC}") = "Vuejs_XamarinForms_App.UWP", "src\Vuejs_XamarinForms_App\Vuejs_XamarinForms_App.UWP\Vuejs_XamarinForms_App.UWP.csproj", "{0E8DDEFB-6D7D-4165-A3E2-206863DB3895}"
EndProject
Project("{FAE04EC0-301F-11D3-BF4B-00C04F79EFBC}") = "Vuejs_XamarinForms_App.Android", "src\Vuejs_XamarinForms_App\Vuejs_XamarinForms_App.Android\Vuejs_XamarinForms_App.Android.csproj", "{8DBE5A47-A705-4241-A361-72E1E087E73C}"
EndProject
Project("{FAE04EC0-301F-11D3-BF4B-00C04F79EFBC}") = "Vuejs_XamarinForms_App.iOS", "src\Vuejs_XamarinForms_App\Vuejs_XamarinForms_App.iOS\Vuejs_XamarinForms_App.iOS.csproj", "{59280E8D-536F-4A37-B40B-2C992DC2C21E}"
EndProject
Project("{9A19103F-16F7-4668-BE54-9A1E7A4F7556}") = "Vuejs_XamarinForms_App", "src\Vuejs_XamarinForms_App\Vuejs_XamarinForms_App\Vuejs_XamarinForms_App.csproj", "{C5E97E23-262C-4C28-BB68-8E350D1D1D05}"
EndProject
Project("{FAE04EC0-301F-11D3-BF4B-00C04F79EFBC}") = "Dev", "src\Dev\Dev.csproj", "{B44868D0-C5FA-4875-A631-0E07D6EF0AD6}"
EndProject
Project("{E24C65DC-7377-472B-9ABA-BC803B73C61A}") = "forms-vue-app-ts", "src\forms-vue-app-ts\", "{E224A143-91F6-44CE-8165-D681E5E8D18A}"
	ProjectSection(WebsiteProperties) = preProject
		TargetFrameworkMoniker = ".NETFramework,Version%3Dv4.0"
		Debug.AspNetCompiler.VirtualPath = "/localhost_63836"
		Debug.AspNetCompiler.PhysicalPath = "src\forms-vue-app-ts\"
		Debug.AspNetCompiler.TargetPath = "PrecompiledWeb\localhost_63836\"
		Debug.AspNetCompiler.Updateable = "true"
		Debug.AspNetCompiler.ForceOverwrite = "true"
		Debug.AspNetCompiler.FixedNames = "false"
		Debug.AspNetCompiler.Debug = "True"
		Release.AspNetCompiler.VirtualPath = "/localhost_63836"
		Release.AspNetCompiler.PhysicalPath = "src\forms-vue-app-ts\"
		Release.AspNetCompiler.TargetPath = "PrecompiledWeb\localhost_63836\"
		Release.AspNetCompiler.Updateable = "true"
		Release.AspNetCompiler.ForceOverwrite = "true"
		Release.AspNetCompiler.FixedNames = "false"
		Release.AspNetCompiler.Debug = "False"
		VWDPort = "63836"
		SlnRelativePath = "src\forms-vue-app-ts\"
	EndProjectSection
EndProject
Global
	GlobalSection(SolutionConfigurationPlatforms) = preSolution
		Debug|Any CPU = Debug|Any CPU
		Debug|ARM = Debug|ARM
		Debug|iPhone = Debug|iPhone
		Debug|iPhoneSimulator = Debug|iPhoneSimulator
		Debug|x64 = Debug|x64
		Debug|x86 = Debug|x86
		Release|Any CPU = Release|Any CPU
		Release|ARM = Release|ARM
		Release|iPhone = Release|iPhone
		Release|iPhoneSimulator = Release|iPhoneSimulator
		Release|x64 = Release|x64
		Release|x86 = Release|x86
	EndGlobalSection
	GlobalSection(ProjectConfigurationPlatforms) = postSolution
		{75DDE73C-78F6-4C49-A2F6-232B5E58488D}.Debug|Any CPU.ActiveCfg = Debug|Any CPU
		{75DDE73C-78F6-4C49-A2F6-232B5E58488D}.Debug|Any CPU.Build.0 = Debug|Any CPU
		{75DDE73C-78F6-4C49-A2F6-232B5E58488D}.Debug|ARM.ActiveCfg = Debug|Any CPU
		{75DDE73C-78F6-4C49-A2F6-232B5E58488D}.Debug|ARM.Build.0 = Debug|Any CPU
		{75DDE73C-78F6-4C49-A2F6-232B5E58488D}.Debug|iPhone.ActiveCfg = Debug|Any CPU
		{75DDE73C-78F6-4C49-A2F6-232B5E58488D}.Debug|iPhone.Build.0 = Debug|Any CPU
		{75DDE73C-78F6-4C49-A2F6-232B5E58488D}.Debug|iPhoneSimulator.ActiveCfg = Debug|Any CPU
		{75DDE73C-78F6-4C49-A2F6-232B5E58488D}.Debug|iPhoneSimulator.Build.0 = Debug|Any CPU
		{75DDE73C-78F6-4C49-A2F6-232B5E58488D}.Debug|x64.ActiveCfg = Debug|Any CPU
		{75DDE73C-78F6-4C49-A2F6-232B5E58488D}.Debug|x64.Build.0 = Debug|Any CPU
		{75DDE73C-78F6-4C49-A2F6-232B5E58488D}.Debug|x86.ActiveCfg = Debug|Any CPU
		{75DDE73C-78F6-4C49-A2F6-232B5E58488D}.Debug|x86.Build.0 = Debug|Any CPU
		{75DDE73C-78F6-4C49-A2F6-232B5E58488D}.Release|Any CPU.ActiveCfg = Release|Any CPU
		{75DDE73C-78F6-4C49-A2F6-232B5E58488D}.Release|Any CPU.Build.0 = Release|Any CPU
		{75DDE73C-78F6-4C49-A2F6-232B5E58488D}.Release|ARM.ActiveCfg = Release|Any CPU
		{75DDE73C-78F6-4C49-A2F6-232B5E58488D}.Release|ARM.Build.0 = Release|Any CPU
		{75DDE73C-78F6-4C49-A2F6-232B5E58488D}.Release|iPhone.ActiveCfg = Release|Any CPU
		{75DDE73C-78F6-4C49-A2F6-232B5E58488D}.Release|iPhone.Build.0 = Release|Any CPU
		{75DDE73C-78F6-4C49-A2F6-232B5E58488D}.Release|iPhoneSimulator.ActiveCfg = Release|Any CPU
		{75DDE73C-78F6-4C49-A2F6-232B5E58488D}.Release|iPhoneSimulator.Build.0 = Release|Any CPU
		{75DDE73C-78F6-4C49-A2F6-232B5E58488D}.Release|x64.ActiveCfg = Release|Any CPU
		{75DDE73C-78F6-4C49-A2F6-232B5E58488D}.Release|x64.Build.0 = Release|Any CPU
		{75DDE73C-78F6-4C49-A2F6-232B5E58488D}.Release|x86.ActiveCfg = Release|Any CPU
		{75DDE73C-78F6-4C49-A2F6-232B5E58488D}.Release|x86.Build.0 = Release|Any CPU
		{0E8DDEFB-6D7D-4165-A3E2-206863DB3895}.Debug|Any CPU.ActiveCfg = Debug|x86
		{0E8DDEFB-6D7D-4165-A3E2-206863DB3895}.Debug|ARM.ActiveCfg = Debug|ARM
		{0E8DDEFB-6D7D-4165-A3E2-206863DB3895}.Debug|ARM.Build.0 = Debug|ARM
		{0E8DDEFB-6D7D-4165-A3E2-206863DB3895}.Debug|ARM.Deploy.0 = Debug|ARM
		{0E8DDEFB-6D7D-4165-A3E2-206863DB3895}.Debug|iPhone.ActiveCfg = Debug|x86
		{0E8DDEFB-6D7D-4165-A3E2-206863DB3895}.Debug|iPhoneSimulator.ActiveCfg = Debug|x86
		{0E8DDEFB-6D7D-4165-A3E2-206863DB3895}.Debug|x64.ActiveCfg = Debug|x64
		{0E8DDEFB-6D7D-4165-A3E2-206863DB3895}.Debug|x64.Build.0 = Debug|x64
		{0E8DDEFB-6D7D-4165-A3E2-206863DB3895}.Debug|x64.Deploy.0 = Debug|x64
		{0E8DDEFB-6D7D-4165-A3E2-206863DB3895}.Debug|x86.ActiveCfg = Debug|x86
		{0E8DDEFB-6D7D-4165-A3E2-206863DB3895}.Debug|x86.Build.0 = Debug|x86
		{0E8DDEFB-6D7D-4165-A3E2-206863DB3895}.Debug|x86.Deploy.0 = Debug|x86
		{0E8DDEFB-6D7D-4165-A3E2-206863DB3895}.Release|Any CPU.ActiveCfg = Release|x86
		{0E8DDEFB-6D7D-4165-A3E2-206863DB3895}.Release|ARM.ActiveCfg = Release|ARM
		{0E8DDEFB-6D7D-4165-A3E2-206863DB3895}.Release|ARM.Build.0 = Release|ARM
		{0E8DDEFB-6D7D-4165-A3E2-206863DB3895}.Release|ARM.Deploy.0 = Release|ARM
		{0E8DDEFB-6D7D-4165-A3E2-206863DB3895}.Release|iPhone.ActiveCfg = Release|x86
		{0E8DDEFB-6D7D-4165-A3E2-206863DB3895}.Release|iPhoneSimulator.ActiveCfg = Release|x86
		{0E8DDEFB-6D7D-4165-A3E2-206863DB3895}.Release|x64.ActiveCfg = Release|x64
		{0E8DDEFB-6D7D-4165-A3E2-206863DB3895}.Release|x64.Build.0 = Release|x64
		{0E8DDEFB-6D7D-4165-A3E2-206863DB3895}.Release|x64.Deploy.0 = Release|x64
		{0E8DDEFB-6D7D-4165-A3E2-206863DB3895}.Release|x86.ActiveCfg = Release|x86
		{0E8DDEFB-6D7D-4165-A3E2-206863DB3895}.Release|x86.Build.0 = Release|x86
		{0E8DDEFB-6D7D-4165-A3E2-206863DB3895}.Release|x86.Deploy.0 = Release|x86
		{8DBE5A47-A705-4241-A361-72E1E087E73C}.Debug|Any CPU.ActiveCfg = Debug|Any CPU
		{8DBE5A47-A705-4241-A361-72E1E087E73C}.Debug|Any CPU.Build.0 = Debug|Any CPU
		{8DBE5A47-A705-4241-A361-72E1E087E73C}.Debug|Any CPU.Deploy.0 = Debug|Any CPU
		{8DBE5A47-A705-4241-A361-72E1E087E73C}.Debug|ARM.ActiveCfg = Debug|Any CPU
		{8DBE5A47-A705-4241-A361-72E1E087E73C}.Debug|ARM.Build.0 = Debug|Any CPU
		{8DBE5A47-A705-4241-A361-72E1E087E73C}.Debug|ARM.Deploy.0 = Debug|Any CPU
		{8DBE5A47-A705-4241-A361-72E1E087E73C}.Debug|iPhone.ActiveCfg = Debug|Any CPU
		{8DBE5A47-A705-4241-A361-72E1E087E73C}.Debug|iPhone.Build.0 = Debug|Any CPU
		{8DBE5A47-A705-4241-A361-72E1E087E73C}.Debug|iPhone.Deploy.0 = Debug|Any CPU
		{8DBE5A47-A705-4241-A361-72E1E087E73C}.Debug|iPhoneSimulator.ActiveCfg = Debug|Any CPU
		{8DBE5A47-A705-4241-A361-72E1E087E73C}.Debug|iPhoneSimulator.Build.0 = Debug|Any CPU
		{8DBE5A47-A705-4241-A361-72E1E087E73C}.Debug|iPhoneSimulator.Deploy.0 = Debug|Any CPU
		{8DBE5A47-A705-4241-A361-72E1E087E73C}.Debug|x64.ActiveCfg = Debug|Any CPU
		{8DBE5A47-A705-4241-A361-72E1E087E73C}.Debug|x64.Build.0 = Debug|Any CPU
		{8DBE5A47-A705-4241-A361-72E1E087E73C}.Debug|x64.Deploy.0 = Debug|Any CPU
		{8DBE5A47-A705-4241-A361-72E1E087E73C}.Debug|x86.ActiveCfg = Debug|Any CPU
		{8DBE5A47-A705-4241-A361-72E1E087E73C}.Debug|x86.Build.0 = Debug|Any CPU
		{8DBE5A47-A705-4241-A361-72E1E087E73C}.Debug|x86.Deploy.0 = Debug|Any CPU
		{8DBE5A47-A705-4241-A361-72E1E087E73C}.Release|Any CPU.ActiveCfg = Release|Any CPU
		{8DBE5A47-A705-4241-A361-72E1E087E73C}.Release|Any CPU.Build.0 = Release|Any CPU
		{8DBE5A47-A705-4241-A361-72E1E087E73C}.Release|Any CPU.Deploy.0 = Release|Any CPU
		{8DBE5A47-A705-4241-A361-72E1E087E73C}.Release|ARM.ActiveCfg = Release|Any CPU
		{8DBE5A47-A705-4241-A361-72E1E087E73C}.Release|ARM.Build.0 = Release|Any CPU
		{8DBE5A47-A705-4241-A361-72E1E087E73C}.Release|ARM.Deploy.0 = Release|Any CPU
		{8DBE5A47-A705-4241-A361-72E1E087E73C}.Release|iPhone.ActiveCfg = Release|Any CPU
		{8DBE5A47-A705-4241-A361-72E1E087E73C}.Release|iPhone.Build.0 = Release|Any CPU
		{8DBE5A47-A705-4241-A361-72E1E087E73C}.Release|iPhone.Deploy.0 = Release|Any CPU
		{8DBE5A47-A705-4241-A361-72E1E087E73C}.Release|iPhoneSimulator.ActiveCfg = Release|Any CPU
		{8DBE5A47-A705-4241-A361-72E1E087E73C}.Release|iPhoneSimulator.Build.0 = Release|Any CPU
		{8DBE5A47-A705-4241-A361-72E1E087E73C}.Release|iPhoneSimulator.Deploy.0 = Release|Any CPU
		{8DBE5A47-A705-4241-A361-72E1E087E73C}.Release|x64.ActiveCfg = Release|Any CPU
		{8DBE5A47-A705-4241-A361-72E1E087E73C}.Release|x64.Build.0 = Release|Any CPU
		{8DBE5A47-A705-4241-A361-72E1E087E73C}.Release|x64.Deploy.0 = Release|Any CPU
		{8DBE5A47-A705-4241-A361-72E1E087E73C}.Release|x86.ActiveCfg = Release|Any CPU
		{8DBE5A47-A705-4241-A361-72E1E087E73C}.Release|x86.Build.0 = Release|Any CPU
		{8DBE5A47-A705-4241-A361-72E1E087E73C}.Release|x86.Deploy.0 = Release|Any CPU
		{59280E8D-536F-4A37-B40B-2C992DC2C21E}.Debug|Any CPU.ActiveCfg = Debug|iPhoneSimulator
		{59280E8D-536F-4A37-B40B-2C992DC2C21E}.Debug|ARM.ActiveCfg = Debug|iPhoneSimulator
		{59280E8D-536F-4A37-B40B-2C992DC2C21E}.Debug|iPhone.ActiveCfg = Debug|iPhone
		{59280E8D-536F-4A37-B40B-2C992DC2C21E}.Debug|iPhone.Build.0 = Debug|iPhone
		{59280E8D-536F-4A37-B40B-2C992DC2C21E}.Debug|iPhoneSimulator.ActiveCfg = Debug|iPhoneSimulator
		{59280E8D-536F-4A37-B40B-2C992DC2C21E}.Debug|iPhoneSimulator.Build.0 = Debug|iPhoneSimulator
		{59280E8D-536F-4A37-B40B-2C992DC2C21E}.Debug|x64.ActiveCfg = Debug|iPhoneSimulator
		{59280E8D-536F-4A37-B40B-2C992DC2C21E}.Debug|x86.ActiveCfg = Debug|iPhoneSimulator
		{59280E8D-536F-4A37-B40B-2C992DC2C21E}.Release|Any CPU.ActiveCfg = Release|iPhoneSimulator
		{59280E8D-536F-4A37-B40B-2C992DC2C21E}.Release|ARM.ActiveCfg = Release|iPhoneSimulator
		{59280E8D-536F-4A37-B40B-2C992DC2C21E}.Release|iPhone.ActiveCfg = Release|iPhone
		{59280E8D-536F-4A37-B40B-2C992DC2C21E}.Release|iPhone.Build.0 = Release|iPhone
		{59280E8D-536F-4A37-B40B-2C992DC2C21E}.Release|iPhoneSimulator.ActiveCfg = Release|iPhoneSimulator
		{59280E8D-536F-4A37-B40B-2C992DC2C21E}.Release|iPhoneSimulator.Build.0 = Release|iPhoneSimulator
		{59280E8D-536F-4A37-B40B-2C992DC2C21E}.Release|x64.ActiveCfg = Release|iPhoneSimulator
		{59280E8D-536F-4A37-B40B-2C992DC2C21E}.Release|x86.ActiveCfg = Release|iPhoneSimulator
		{C5E97E23-262C-4C28-BB68-8E350D1D1D05}.Debug|Any CPU.ActiveCfg = Debug|Any CPU
		{C5E97E23-262C-4C28-BB68-8E350D1D1D05}.Debug|Any CPU.Build.0 = Debug|Any CPU
		{C5E97E23-262C-4C28-BB68-8E350D1D1D05}.Debug|ARM.ActiveCfg = Debug|Any CPU
		{C5E97E23-262C-4C28-BB68-8E350D1D1D05}.Debug|ARM.Build.0 = Debug|Any CPU
		{C5E97E23-262C-4C28-BB68-8E350D1D1D05}.Debug|iPhone.ActiveCfg = Debug|Any CPU
		{C5E97E23-262C-4C28-BB68-8E350D1D1D05}.Debug|iPhone.Build.0 = Debug|Any CPU
		{C5E97E23-262C-4C28-BB68-8E350D1D1D05}.Debug|iPhoneSimulator.ActiveCfg = Debug|Any CPU
		{C5E97E23-262C-4C28-BB68-8E350D1D1D05}.Debug|iPhoneSimulator.Build.0 = Debug|Any CPU
		{C5E97E23-262C-4C28-BB68-8E350D1D1D05}.Debug|x64.ActiveCfg = Debug|Any CPU
		{C5E97E23-262C-4C28-BB68-8E350D1D1D05}.Debug|x64.Build.0 = Debug|Any CPU
		{C5E97E23-262C-4C28-BB68-8E350D1D1D05}.Debug|x86.ActiveCfg = Debug|Any CPU
		{C5E97E23-262C-4C28-BB68-8E350D1D1D05}.Debug|x86.Build.0 = Debug|Any CPU
		{C5E97E23-262C-4C28-BB68-8E350D1D1D05}.Release|Any CPU.ActiveCfg = Release|Any CPU
		{C5E97E23-262C-4C28-BB68-8E350D1D1D05}.Release|Any CPU.Build.0 = Release|Any CPU
		{C5E97E23-262C-4C28-BB68-8E350D1D1D05}.Release|ARM.ActiveCfg = Release|Any CPU
		{C5E97E23-262C-4C28-BB68-8E350D1D1D05}.Release|ARM.Build.0 = Release|Any CPU
		{C5E97E23-262C-4C28-BB68-8E350D1D1D05}.Release|iPhone.ActiveCfg = Release|Any CPU
		{C5E97E23-262C-4C28-BB68-8E350D1D1D05}.Release|iPhone.Build.0 = Release|Any CPU
		{C5E97E23-262C-4C28-BB68-8E350D1D1D05}.Release|iPhoneSimulator.ActiveCfg = Release|Any CPU
		{C5E97E23-262C-4C28-BB68-8E350D1D1D05}.Release|iPhoneSimulator.Build.0 = Release|Any CPU
		{C5E97E23-262C-4C28-BB68-8E350D1D1D05}.Release|x64.ActiveCfg = Release|Any CPU
		{C5E97E23-262C-4C28-BB68-8E350D1D1D05}.Release|x64.Build.0 = Release|Any CPU
		{C5E97E23-262C-4C28-BB68-8E350D1D1D05}.Release|x86.ActiveCfg = Release|Any CPU
		{C5E97E23-262C-4C28-BB68-8E350D1D1D05}.Release|x86.Build.0 = Release|Any CPU
		{B44868D0-C5FA-4875-A631-0E07D6EF0AD6}.Debug|Any CPU.ActiveCfg = Debug|Any CPU
		{B44868D0-C5FA-4875-A631-0E07D6EF0AD6}.Debug|Any CPU.Build.0 = Debug|Any CPU
		{B44868D0-C5FA-4875-A631-0E07D6EF0AD6}.Debug|ARM.ActiveCfg = Debug|Any CPU
		{B44868D0-C5FA-4875-A631-0E07D6EF0AD6}.Debug|ARM.Build.0 = Debug|Any CPU
		{B44868D0-C5FA-4875-A631-0E07D6EF0AD6}.Debug|iPhone.ActiveCfg = Debug|Any CPU
		{B44868D0-C5FA-4875-A631-0E07D6EF0AD6}.Debug|iPhone.Build.0 = Debug|Any CPU
		{B44868D0-C5FA-4875-A631-0E07D6EF0AD6}.Debug|iPhoneSimulator.ActiveCfg = Debug|Any CPU
		{B44868D0-C5FA-4875-A631-0E07D6EF0AD6}.Debug|iPhoneSimulator.Build.0 = Debug|Any CPU
		{B44868D0-C5FA-4875-A631-0E07D6EF0AD6}.Debug|x64.ActiveCfg = Debug|Any CPU
		{B44868D0-C5FA-4875-A631-0E07D6EF0AD6}.Debug|x64.Build.0 = Debug|Any CPU
		{B44868D0-C5FA-4875-A631-0E07D6EF0AD6}.Debug|x86.ActiveCfg = Debug|Any CPU
		{B44868D0-C5FA-4875-A631-0E07D6EF0AD6}.Debug|x86.Build.0 = Debug|Any CPU
		{B44868D0-C5FA-4875-A631-0E07D6EF0AD6}.Release|Any CPU.ActiveCfg = Release|Any CPU
		{B44868D0-C5FA-4875-A631-0E07D6EF0AD6}.Release|Any CPU.Build.0 = Release|Any CPU
		{B44868D0-C5FA-4875-A631-0E07D6EF0AD6}.Release|ARM.ActiveCfg = Release|Any CPU
		{B44868D0-C5FA-4875-A631-0E07D6EF0AD6}.Release|ARM.Build.0 = Release|Any CPU
		{B44868D0-C5FA-4875-A631-0E07D6EF0AD6}.Release|iPhone.ActiveCfg = Release|Any CPU
		{B44868D0-C5FA-4875-A631-0E07D6EF0AD6}.Release|iPhone.Build.0 = Release|Any CPU
		{B44868D0-C5FA-4875-A631-0E07D6EF0AD6}.Release|iPhoneSimulator.ActiveCfg = Release|Any CPU
		{B44868D0-C5FA-4875-A631-0E07D6EF0AD6}.Release|iPhoneSimulator.Build.0 = Release|Any CPU
		{B44868D0-C5FA-4875-A631-0E07D6EF0AD6}.Release|x64.ActiveCfg = Release|Any CPU
		{B44868D0-C5FA-4875-A631-0E07D6EF0AD6}.Release|x64.Build.0 = Release|Any CPU
		{B44868D0-C5FA-4875-A631-0E07D6EF0AD6}.Release|x86.ActiveCfg = Release|Any CPU
		{B44868D0-C5FA-4875-A631-0E07D6EF0AD6}.Release|x86.Build.0 = Release|Any CPU
		{E224A143-91F6-44CE-8165-D681E5E8D18A}.Debug|Any CPU.ActiveCfg = Debug|Any CPU
		{E224A143-91F6-44CE-8165-D681E5E8D18A}.Debug|Any CPU.Build.0 = Debug|Any CPU
		{E224A143-91F6-44CE-8165-D681E5E8D18A}.Debug|ARM.ActiveCfg = Debug|Any CPU
		{E224A143-91F6-44CE-8165-D681E5E8D18A}.Debug|ARM.Build.0 = Debug|Any CPU
		{E224A143-91F6-44CE-8165-D681E5E8D18A}.Debug|iPhone.ActiveCfg = Debug|Any CPU
		{E224A143-91F6-44CE-8165-D681E5E8D18A}.Debug|iPhone.Build.0 = Debug|Any CPU
		{E224A143-91F6-44CE-8165-D681E5E8D18A}.Debug|iPhoneSimulator.ActiveCfg = Debug|Any CPU
		{E224A143-91F6-44CE-8165-D681E5E8D18A}.Debug|iPhoneSimulator.Build.0 = Debug|Any CPU
		{E224A143-91F6-44CE-8165-D681E5E8D18A}.Debug|x64.ActiveCfg = Debug|Any CPU
		{E224A143-91F6-44CE-8165-D681E5E8D18A}.Debug|x64.Build.0 = Debug|Any CPU
		{E224A143-91F6-44CE-8165-D681E5E8D18A}.Debug|x86.ActiveCfg = Debug|Any CPU
		{E224A143-91F6-44CE-8165-D681E5E8D18A}.Debug|x86.Build.0 = Debug|Any CPU
		{E224A143-91F6-44CE-8165-D681E5E8D18A}.Release|Any CPU.ActiveCfg = Debug|Any CPU
		{E224A143-91F6-44CE-8165-D681E5E8D18A}.Release|Any CPU.Build.0 = Debug|Any CPU
		{E224A143-91F6-44CE-8165-D681E5E8D18A}.Release|ARM.ActiveCfg = Debug|Any CPU
		{E224A143-91F6-44CE-8165-D681E5E8D18A}.Release|ARM.Build.0 = Debug|Any CPU
		{E224A143-91F6-44CE-8165-D681E5E8D18A}.Release|iPhone.ActiveCfg = Debug|Any CPU
		{E224A143-91F6-44CE-8165-D681E5E8D18A}.Release|iPhone.Build.0 = Debug|Any CPU
		{E224A143-91F6-44CE-8165-D681E5E8D18A}.Release|iPhoneSimulator.ActiveCfg = Debug|Any CPU
		{E224A143-91F6-44CE-8165-D681E5E8D18A}.Release|iPhoneSimulator.Build.0 = Debug|Any CPU
		{E224A143-91F6-44CE-8165-D681E5E8D18A}.Release|x64.ActiveCfg = Debug|Any CPU
		{E224A143-91F6-44CE-8165-D681E5E8D18A}.Release|x64.Build.0 = Debug|Any CPU
		{E224A143-91F6-44CE-8165-D681E5E8D18A}.Release|x86.ActiveCfg = Debug|Any CPU
		{E224A143-91F6-44CE-8165-D681E5E8D18A}.Release|x86.Build.0 = Debug|Any CPU
	EndGlobalSection
	GlobalSection(SolutionProperties) = preSolution
		HideSolutionNode = FALSE
	EndGlobalSection
	GlobalSection(NestedProjects) = preSolution
		{75DDE73C-78F6-4C49-A2F6-232B5E58488D} = {0AF45012-CF13-4B7F-82A4-0213F2D1511A}
		{0E8DDEFB-6D7D-4165-A3E2-206863DB3895} = {418B5A1C-0FA5-464D-AE0C-40172D5793F8}
		{8DBE5A47-A705-4241-A361-72E1E087E73C} = {418B5A1C-0FA5-464D-AE0C-40172D5793F8}
		{59280E8D-536F-4A37-B40B-2C992DC2C21E} = {418B5A1C-0FA5-464D-AE0C-40172D5793F8}
		{C5E97E23-262C-4C28-BB68-8E350D1D1D05} = {418B5A1C-0FA5-464D-AE0C-40172D5793F8}
		{E224A143-91F6-44CE-8165-D681E5E8D18A} = {B93C1B0E-57AE-42AE-AA9C-E9621417D4EC}
	EndGlobalSection
	GlobalSection(ExtensibilityGlobals) = postSolution
		SolutionGuid = {B39F8BEE-05AF-4106-A322-7AFB48DDFB60}
	EndGlobalSection
EndGlobal
